
Microsoft Visual Studio Solution File, Format Version 12.00
# Visual Studio 15
VisualStudioVersion = 15.0.28010.2048
MinimumVisualStudioVersion = 10.0.40219.1
Project("{9A19103F-16F7-4668-BE54-9A1E7A4F7556}") = "FoodNutrition", "FoodNutrition.csproj", "{6C903B60-C0C6-4833-B788-D59A5BE8AA34}"
EndProject
Global
	GlobalSection(SolutionConfigurationPlatforms) = preSolution
		Debug|Any CPU = Debug|Any CPU
		Release|Any CPU = Release|Any CPU
	EndGlobalSection
	GlobalSection(ProjectConfigurationPlatforms) = postSolution
		{6C903B60-C0C6-4833-B788-D59A5BE8AA34}.Debug|Any CPU.ActiveCfg = Debug|Any CPU
		{6C903B60-C0C6-4833-B788-D59A5BE8AA34}.Debug|Any CPU.Build.0 = Debug|Any CPU
		{6C903B60-C0C6-4833-B788-D59A5BE8AA34}.Release|Any CPU.ActiveCfg = Release|Any CPU
		{6C903B60-C0C6-4833-B788-D59A5BE8AA34}.Release|Any CPU.Build.0 = Release|Any CPU
	EndGlobalSection
	GlobalSection(SolutionProperties) = preSolution
		HideSolutionNode = FALSE
	EndGlobalSection
	GlobalSection(ExtensibilityGlobals) = postSolution
		SolutionGuid = {E7A8A79C-7850-43B3-9F3E-6707C2265C18}
	EndGlobalSection
EndGlobal
